# THIS IS AN AUTOGENERATED FILE. DO NOT EDIT THIS FILE DIRECTLY.
# yarn lockfile v1


"@fortawesome/angular-fontawesome@^0.3.0":
  version "0.3.0"
  resolved "https://registry.yarnpkg.com/@fortawesome/angular-fontawesome/-/angular-fontawesome-0.3.0.tgz#380492f186469ce03d6fdbb3ec719810f771bf62"
  integrity sha512-wXvyPI7GidoNiqeMz2re9iemUMFH4zBmuv94CfXlaanQ8+kMP/fYs/k69PLVN1KsebQY4kRA9GHmc1U1ndBkJg==
  dependencies:
    tslib "^1.9.0"

"@fortawesome/fontawesome-common-types@^0.2.15":
  version "0.2.15"
  resolved "https://registry.yarnpkg.com/@fortawesome/fontawesome-common-types/-/fontawesome-common-types-0.2.15.tgz#16af950653083d1e3064061de9f8e5e3b579f688"
  integrity sha512-ATBRyKJw1d2ko+0DWN9+BXau0EK3I/Q6pPzPv3LhJD7r052YFAkAdfb1Bd7ZqhBsJrdse/S7jKxWUOZ61qBD4g==

"@fortawesome/fontawesome-svg-core@^1.2.15":
  version "1.2.15"
  resolved "https://registry.yarnpkg.com/@fortawesome/fontawesome-svg-core/-/fontawesome-svg-core-1.2.15.tgz#368f9fc7e8e8d8636495dc7483f97510f920ba97"
  integrity sha512-M/sHyl4g2VBtKYkay1Z+XImMyTVcaBPmehYtPw4HKD9zg2E7eovB7Yx98aUfZjPbroGqa+IL4/+KhWBMOGlHIQ==
  dependencies:
    "@fortawesome/fontawesome-common-types" "^0.2.15"

"@fortawesome/free-brands-svg-icons@^5.7.2":
  version "5.7.2"
  resolved "https://registry.yarnpkg.com/@fortawesome/free-brands-svg-icons/-/free-brands-svg-icons-5.7.2.tgz#80ea37f12d22a281a5eadcd0cd3c870683e5dec1"
  integrity sha512-91rIjo00vy7PNrXg5auDsPOSTjmgzc+UUqMyUZHmIrXG5OXMHgjAYMTgEIgs91Lm5XcJtggFZCQz1u5fGFnj2A==
  dependencies:
    "@fortawesome/fontawesome-common-types" "^0.2.15"

"@fortawesome/free-solid-svg-icons@^5.7.2":
  version "5.7.2"
  resolved "https://registry.yarnpkg.com/@fortawesome/free-solid-svg-icons/-/free-solid-svg-icons-5.7.2.tgz#9ec2ed353d630092a8e19cc8aae2f716572963e5"
  integrity sha512-iujcXMyAvIbWM8W3jkOLpvJbR+rPpdN1QyqhZeJaLRdHPH4JmuovIAYP4vx5Sa1csZVXfRD1eDWqVZ/jGM620A==
  dependencies:
    "@fortawesome/fontawesome-common-types" "^0.2.15"

safe-pipe@^0.3.0:
  version "0.3.0"
  resolved "https://registry.yarnpkg.com/safe-pipe/-/safe-pipe-0.3.0.tgz#f4fe889a953185f17e3977550076c69369207757"
  integrity sha1-9P6ImpUxhfF+OXdVAHbGk2kgd1c=

tslib@^1.9.0:
  version "1.9.3"
  resolved "https://registry.yarnpkg.com/tslib/-/tslib-1.9.3.tgz#d7e4dd79245d85428c4d7e4822a79917954ca286"
  integrity sha512-4krF8scpejhaOgqzBEcGM7yDIEfi0/8+8zDRZhNZZ2kjmHJ4hv3zCbQWxoJGz1iw5U0Jl0nma13xzHXcncMavQ==
